
Microsoft Visual Studio Solution File, Format Version 12.00
# Visual Studio Version 17
VisualStudioVersion = 17.10.34804.81
MinimumVisualStudioVersion = 10.0.40219.1
Project("{FAE04EC0-301F-11D3-BF4B-00C04F79EFBC}") = "WebApp", "WebApp\WebApp.csproj", "{B34612C6-E402-4964-B8DF-91D4FB74B16E}"
EndProject
Project("{FAE04EC0-301F-11D3-BF4B-00C04F79EFBC}") = "ClassLibrary", "ClassLibrary\ClassLibrary.csproj", "{8EDF7691-F4B6-43E7-A87E-4401539995E5}"
EndProject
Global
	GlobalSection(SolutionConfigurationPlatforms) = preSolution
		Debug|Any CPU = Debug|Any CPU
		Release|Any CPU = Release|Any CPU
	EndGlobalSection
	GlobalSection(ProjectConfigurationPlatforms) = postSolution
		{B34612C6-E402-4964-B8DF-91D4FB74B16E}.Debug|Any CPU.ActiveCfg = Debug|Any CPU
		{B34612C6-E402-4964-B8DF-91D4FB74B16E}.Debug|Any CPU.Build.0 = Debug|Any CPU
		{B34612C6-E402-4964-B8DF-91D4FB74B16E}.Release|Any CPU.ActiveCfg = Release|Any CPU
		{B34612C6-E402-4964-B8DF-91D4FB74B16E}.Release|Any CPU.Build.0 = Release|Any CPU
		{8EDF7691-F4B6-43E7-A87E-4401539995E5}.Debug|Any CPU.ActiveCfg = Debug|Any CPU
		{8EDF7691-F4B6-43E7-A87E-4401539995E5}.Debug|Any CPU.Build.0 = Debug|Any CPU
		{8EDF7691-F4B6-43E7-A87E-4401539995E5}.Release|Any CPU.ActiveCfg = Release|Any CPU
		{8EDF7691-F4B6-43E7-A87E-4401539995E5}.Release|Any CPU.Build.0 = Release|Any CPU
	EndGlobalSection
	GlobalSection(SolutionProperties) = preSolution
		HideSolutionNode = FALSE
	EndGlobalSection
	GlobalSection(ExtensibilityGlobals) = postSolution
		SolutionGuid = {2E20FBBB-7DB9-4BBF-9D6A-F84092E5C7B2}
	EndGlobalSection
EndGlobal
